// !$*UTF8*$!
{
	archiveVersion = 1;
	classes = {
	};
	objectVersion = 50;
	objects = {

/* Begin PBXBuildFile section */
		541A24C5222B89AF008E1543 /* LoginViewController.swift in Sources */ = {isa = PBXBuildFile; fileRef = 541A24C4222B89AF008E1543 /* LoginViewController.swift */; };
		548D4913222BE765004A351F /* CategoriesViewController.swift in Sources */ = {isa = PBXBuildFile; fileRef = 548D4912222BE765004A351F /* CategoriesViewController.swift */; };
		765143B5A4FAA671782F0BFA /* libPods-PickHacks.a in Frameworks */ = {isa = PBXBuildFile; fileRef = 6A356B085133D77880DAEC35 /* libPods-PickHacks.a */; };
		7B400E0B222B4C4400CD2C9D /* ActivitySelectViewController.swift in Sources */ = {isa = PBXBuildFile; fileRef = 7B400E0A222B4C4400CD2C9D /* ActivitySelectViewController.swift */; };
		7B400E0D222B65EB00CD2C9D /* GoogleService-Info.plist in Resources */ = {isa = PBXBuildFile; fileRef = 7B400E0C222B65EB00CD2C9D /* GoogleService-Info.plist */; };
		7B6A4E4C222B07A300B6F8DA /* ActivityMapViewController.swift in Sources */ = {isa = PBXBuildFile; fileRef = 7B6A4E4B222B07A300B6F8DA /* ActivityMapViewController.swift */; };
		7B6A4E51222B0DCE00B6F8DA /* SnapViewController.swift in Sources */ = {isa = PBXBuildFile; fileRef = 7B6A4E50222B0DCE00B6F8DA /* SnapViewController.swift */; };
		7B6A4E55222B229100B6F8DA /* Places.swift in Sources */ = {isa = PBXBuildFile; fileRef = 7B6A4E54222B229100B6F8DA /* Places.swift */; };
		7BD07168222BB574009BB0D2 /* Login.storyboard in Resources */ = {isa = PBXBuildFile; fileRef = 7BD07167222BB574009BB0D2 /* Login.storyboard */; };
		7BD69EC4222B81BB0005A282 /* MapBoxClient.swift in Sources */ = {isa = PBXBuildFile; fileRef = 7BD69EC3222B81BB0005A282 /* MapBoxClient.swift */; };
		7BD69EC6222B81DF0005A282 /* Client.swift in Sources */ = {isa = PBXBuildFile; fileRef = 7BD69EC5222B81DF0005A282 /* Client.swift */; };
		7BEFF67F222A7A4300CE2CD6 /* AppDelegate.swift in Sources */ = {isa = PBXBuildFile; fileRef = 7BEFF67E222A7A4300CE2CD6 /* AppDelegate.swift */; };
		7BEFF684222A7A4300CE2CD6 /* Main.storyboard in Resources */ = {isa = PBXBuildFile; fileRef = 7BEFF682222A7A4300CE2CD6 /* Main.storyboard */; };
		7BEFF686222A7A4400CE2CD6 /* Assets.xcassets in Resources */ = {isa = PBXBuildFile; fileRef = 7BEFF685222A7A4400CE2CD6 /* Assets.xcassets */; };
		7BEFF689222A7A4400CE2CD6 /* LaunchScreen.storyboard in Resources */ = {isa = PBXBuildFile; fileRef = 7BEFF687222A7A4400CE2CD6 /* LaunchScreen.storyboard */; };
/* End PBXBuildFile section */

/* Begin PBXFileReference section */
		541A24C4222B89AF008E1543 /* LoginViewController.swift */ = {isa = PBXFileReference; lastKnownFileType = sourcecode.swift; path = LoginViewController.swift; sourceTree = "<group>"; };
		548D4912222BE765004A351F /* CategoriesViewController.swift */ = {isa = PBXFileReference; lastKnownFileType = sourcecode.swift; path = CategoriesViewController.swift; sourceTree = "<group>"; };
		678AEB577E3BD194D8BBABBA /* Pods-PickHacks.release.xcconfig */ = {isa = PBXFileReference; includeInIndex = 1; lastKnownFileType = text.xcconfig; name = "Pods-PickHacks.release.xcconfig"; path = "Pods/Target Support Files/Pods-PickHacks/Pods-PickHacks.release.xcconfig"; sourceTree = "<group>"; };
		6A356B085133D77880DAEC35 /* libPods-PickHacks.a */ = {isa = PBXFileReference; explicitFileType = archive.ar; includeInIndex = 0; path = "libPods-PickHacks.a"; sourceTree = BUILT_PRODUCTS_DIR; };
		6E3378AC270F4F8370D6844C /* Pods-PickHacks.debug.xcconfig */ = {isa = PBXFileReference; includeInIndex = 1; lastKnownFileType = text.xcconfig; name = "Pods-PickHacks.debug.xcconfig"; path = "Pods/Target Support Files/Pods-PickHacks/Pods-PickHacks.debug.xcconfig"; sourceTree = "<group>"; };
		7B400E0A222B4C4400CD2C9D /* ActivitySelectViewController.swift */ = {isa = PBXFileReference; lastKnownFileType = sourcecode.swift; path = ActivitySelectViewController.swift; sourceTree = "<group>"; };
		7B400E0C222B65EB00CD2C9D /* GoogleService-Info.plist */ = {isa = PBXFileReference; fileEncoding = 4; lastKnownFileType = text.plist.xml; path = "GoogleService-Info.plist"; sourceTree = "<group>"; };
		7B6A4E4B222B07A300B6F8DA /* ActivityMapViewController.swift */ = {isa = PBXFileReference; lastKnownFileType = sourcecode.swift; path = ActivityMapViewController.swift; sourceTree = "<group>"; };
		7B6A4E50222B0DCE00B6F8DA /* SnapViewController.swift */ = {isa = PBXFileReference; lastKnownFileType = sourcecode.swift; path = SnapViewController.swift; sourceTree = "<group>"; };
		7B6A4E54222B229100B6F8DA /* Places.swift */ = {isa = PBXFileReference; lastKnownFileType = sourcecode.swift; path = Places.swift; sourceTree = "<group>"; };
		7BD07167222BB574009BB0D2 /* Login.storyboard */ = {isa = PBXFileReference; lastKnownFileType = file.storyboard; path = Login.storyboard; sourceTree = "<group>"; };
		7BD69EC3222B81BB0005A282 /* MapBoxClient.swift */ = {isa = PBXFileReference; lastKnownFileType = sourcecode.swift; path = MapBoxClient.swift; sourceTree = "<group>"; };
		7BD69EC5222B81DF0005A282 /* Client.swift */ = {isa = PBXFileReference; lastKnownFileType = sourcecode.swift; path = Client.swift; sourceTree = "<group>"; };
		7BEFF67B222A7A4300CE2CD6 /* PickHacks.app */ = {isa = PBXFileReference; explicitFileType = wrapper.application; includeInIndex = 0; path = PickHacks.app; sourceTree = BUILT_PRODUCTS_DIR; };
		7BEFF67E222A7A4300CE2CD6 /* AppDelegate.swift */ = {isa = PBXFileReference; lastKnownFileType = sourcecode.swift; path = AppDelegate.swift; sourceTree = "<group>"; };
		7BEFF683222A7A4300CE2CD6 /* Base */ = {isa = PBXFileReference; lastKnownFileType = file.storyboard; name = Base; path = Base.lproj/Main.storyboard; sourceTree = "<group>"; };
		7BEFF685222A7A4400CE2CD6 /* Assets.xcassets */ = {isa = PBXFileReference; lastKnownFileType = folder.assetcatalog; path = Assets.xcassets; sourceTree = "<group>"; };
		7BEFF688222A7A4400CE2CD6 /* Base */ = {isa = PBXFileReference; lastKnownFileType = file.storyboard; name = Base; path = Base.lproj/LaunchScreen.storyboard; sourceTree = "<group>"; };
		7BEFF68A222A7A4400CE2CD6 /* Info.plist */ = {isa = PBXFileReference; lastKnownFileType = text.plist.xml; path = Info.plist; sourceTree = "<group>"; };
/* End PBXFileReference section */

/* Begin PBXFrameworksBuildPhase section */
		7BEFF678222A7A4300CE2CD6 /* Frameworks */ = {
			isa = PBXFrameworksBuildPhase;
			buildActionMask = 2147483647;
			files = (
				765143B5A4FAA671782F0BFA /* libPods-PickHacks.a in Frameworks */,
			);
			runOnlyForDeploymentPostprocessing = 0;
		};
/* End PBXFrameworksBuildPhase section */

/* Begin PBXGroup section */
		548D490F222BC9C2004A351F /* Dev */ = {
			isa = PBXGroup;
			children = (
				7BEFF67E222A7A4300CE2CD6 /* AppDelegate.swift */,
				7BEFF685222A7A4400CE2CD6 /* Assets.xcassets */,
				7BEFF687222A7A4400CE2CD6 /* LaunchScreen.storyboard */,
				7B400E0C222B65EB00CD2C9D /* GoogleService-Info.plist */,
			);
			path = Dev;
			sourceTree = "<group>";
		};
		666DA9D8ABC5EE406167C630 /* Pods */ = {
			isa = PBXGroup;
			children = (
				6E3378AC270F4F8370D6844C /* Pods-PickHacks.debug.xcconfig */,
				678AEB577E3BD194D8BBABBA /* Pods-PickHacks.release.xcconfig */,
			);
			name = Pods;
			sourceTree = "<group>";
		};
		7B6A4E4D222B0C7000B6F8DA /* Model */ = {
			isa = PBXGroup;
			children = (
				7BD69EC2222B81A50005A282 /* Client */,
				7B6A4E52222B21FD00B6F8DA /* Responses */,
			);
			path = Model;
			sourceTree = "<group>";
		};
		7B6A4E4F222B0DA500B6F8DA /* View */ = {
			isa = PBXGroup;
			children = (
				548D490F222BC9C2004A351F /* Dev */,
				7B6A4E4B222B07A300B6F8DA /* ActivityMapViewController.swift */,
				7BEFF682222A7A4300CE2CD6 /* Main.storyboard */,
				7B6A4E50222B0DCE00B6F8DA /* SnapViewController.swift */,
				7B400E0A222B4C4400CD2C9D /* ActivitySelectViewController.swift */,
				7BD07167222BB574009BB0D2 /* Login.storyboard */,
				541A24C4222B89AF008E1543 /* LoginViewController.swift */,
				548D4912222BE765004A351F /* CategoriesViewController.swift */,
			);
			path = View;
			sourceTree = "<group>";
		};
		7B6A4E52222B21FD00B6F8DA /* Responses */ = {
			isa = PBXGroup;
			children = (
				7B6A4E53222B225F00B6F8DA /* MapBox */,
			);
			path = Responses;
			sourceTree = "<group>";
		};
		7B6A4E53222B225F00B6F8DA /* MapBox */ = {
			isa = PBXGroup;
			children = (
				7B6A4E54222B229100B6F8DA /* Places.swift */,
			);
			path = MapBox;
			sourceTree = "<group>";
		};
		7BD69EC2222B81A50005A282 /* Client */ = {
			isa = PBXGroup;
			children = (
				7BD69EC3222B81BB0005A282 /* MapBoxClient.swift */,
				7BD69EC5222B81DF0005A282 /* Client.swift */,
			);
			path = Client;
			sourceTree = "<group>";
		};
		7BEFF672222A7A4300CE2CD6 = {
			isa = PBXGroup;
			children = (
				7BEFF67D222A7A4300CE2CD6 /* PickHacks */,
				7BEFF67C222A7A4300CE2CD6 /* Products */,
				666DA9D8ABC5EE406167C630 /* Pods */,
				C21FA3BB86DC23599CB43EBF /* Frameworks */,
			);
			sourceTree = "<group>";
		};
		7BEFF67C222A7A4300CE2CD6 /* Products */ = {
			isa = PBXGroup;
			children = (
				7BEFF67B222A7A4300CE2CD6 /* PickHacks.app */,
			);
			name = Products;
			sourceTree = "<group>";
		};
		7BEFF67D222A7A4300CE2CD6 /* PickHacks */ = {
			isa = PBXGroup;
			children = (
				7B6A4E4F222B0DA500B6F8DA /* View */,
				7BEFF68A222A7A4400CE2CD6 /* Info.plist */,
				7B6A4E4D222B0C7000B6F8DA /* Model */,
			);
			path = PickHacks;
			sourceTree = "<group>";
		};
		C21FA3BB86DC23599CB43EBF /* Frameworks */ = {
			isa = PBXGroup;
			children = (
				6A356B085133D77880DAEC35 /* libPods-PickHacks.a */,
			);
			name = Frameworks;
			sourceTree = "<group>";
		};
/* End PBXGroup section */

/* Begin PBXNativeTarget section */
		7BEFF67A222A7A4300CE2CD6 /* PickHacks */ = {
			isa = PBXNativeTarget;
			buildConfigurationList = 7BEFF68D222A7A4400CE2CD6 /* Build configuration list for PBXNativeTarget "PickHacks" */;
			buildPhases = (
				2C8CD4E06471E5638D745757 /* [CP] Check Pods Manifest.lock */,
				7BEFF677222A7A4300CE2CD6 /* Sources */,
				7BEFF678222A7A4300CE2CD6 /* Frameworks */,
				7BEFF679222A7A4300CE2CD6 /* Resources */,
				C1A71B472D2E83EBEADBADAE /* [CP] Embed Pods Frameworks */,
				D01E5C8C2FF8EE4DAA40F67E /* [CP] Copy Pods Resources */,
			);
			buildRules = (
			);
			dependencies = (
			);
			name = PickHacks;
			productName = PickHacks;
			productReference = 7BEFF67B222A7A4300CE2CD6 /* PickHacks.app */;
			productType = "com.apple.product-type.application";
		};
/* End PBXNativeTarget section */

/* Begin PBXProject section */
		7BEFF673222A7A4300CE2CD6 /* Project object */ = {
			isa = PBXProject;
			attributes = {
				LastSwiftUpdateCheck = 1000;
				LastUpgradeCheck = 1000;
				ORGANIZATIONNAME = Magloboid;
				TargetAttributes = {
					7BEFF67A222A7A4300CE2CD6 = {
						CreatedOnToolsVersion = 10.0;
					};
				};
			};
			buildConfigurationList = 7BEFF676222A7A4300CE2CD6 /* Build configuration list for PBXProject "PickHacks" */;
			compatibilityVersion = "Xcode 9.3";
			developmentRegion = en;
			hasScannedForEncodings = 0;
			knownRegions = (
				en,
				Base,
			);
			mainGroup = 7BEFF672222A7A4300CE2CD6;
			productRefGroup = 7BEFF67C222A7A4300CE2CD6 /* Products */;
			projectDirPath = "";
			projectRoot = "";
			targets = (
				7BEFF67A222A7A4300CE2CD6 /* PickHacks */,
			);
		};
/* End PBXProject section */

/* Begin PBXResourcesBuildPhase section */
		7BEFF679222A7A4300CE2CD6 /* Resources */ = {
			isa = PBXResourcesBuildPhase;
			buildActionMask = 2147483647;
			files = (
				7BEFF689222A7A4400CE2CD6 /* LaunchScreen.storyboard in Resources */,
				7B400E0D222B65EB00CD2C9D /* GoogleService-Info.plist in Resources */,
				7BEFF686222A7A4400CE2CD6 /* Assets.xcassets in Resources */,
				7BD07168222BB574009BB0D2 /* Login.storyboard in Resources */,
				7BEFF684222A7A4300CE2CD6 /* Main.storyboard in Resources */,
			);
			runOnlyForDeploymentPostprocessing = 0;
		};
/* End PBXResourcesBuildPhase section */

/* Begin PBXShellScriptBuildPhase section */
		2C8CD4E06471E5638D745757 /* [CP] Check Pods Manifest.lock */ = {
			isa = PBXShellScriptBuildPhase;
			buildActionMask = 2147483647;
			files = (
			);
			inputFileListPaths = (
			);
			inputPaths = (
				"${PODS_PODFILE_DIR_PATH}/Podfile.lock",
				"${PODS_ROOT}/Manifest.lock",
			);
			name = "[CP] Check Pods Manifest.lock";
			outputFileListPaths = (
			);
			outputPaths = (
				"$(DERIVED_FILE_DIR)/Pods-PickHacks-checkManifestLockResult.txt",
			);
			runOnlyForDeploymentPostprocessing = 0;
			shellPath = /bin/sh;
			shellScript = "diff \"${PODS_PODFILE_DIR_PATH}/Podfile.lock\" \"${PODS_ROOT}/Manifest.lock\" > /dev/null\nif [ $? != 0 ] ; then\n    # print error to STDERR\n    echo \"error: The sandbox is not in sync with the Podfile.lock. Run 'pod install' or update your CocoaPods installation.\" >&2\n    exit 1\nfi\n# This output is used by Xcode 'outputs' to avoid re-running this script phase.\necho \"SUCCESS\" > \"${SCRIPT_OUTPUT_FILE_0}\"\n";
			showEnvVarsInLog = 0;
		};
		C1A71B472D2E83EBEADBADAE /* [CP] Embed Pods Frameworks */ = {
			isa = PBXShellScriptBuildPhase;
			buildActionMask = 2147483647;
			files = (
			);
			inputFileListPaths = (
			);
			inputPaths = (
				"${PODS_ROOT}/Target Support Files/Pods-PickHacks/Pods-PickHacks-frameworks.sh",
				"${PODS_ROOT}/Mapbox-iOS-SDK/dynamic/Mapbox.framework",
				"${PODS_ROOT}/Mapbox-iOS-SDK/dynamic/Mapbox.framework.dSYM",
				"${PODS_ROOT}/SnapSDK/SCSDKCreativeKit.framework",
				"${PODS_ROOT}/SnapSDK/SCSDKCoreKit.framework",
				"${PODS_ROOT}/SnapSDK/SCSDKLoginKit.framework",
			);
			name = "[CP] Embed Pods Frameworks";
			outputFileListPaths = (
			);
			outputPaths = (
				"${TARGET_BUILD_DIR}/${FRAMEWORKS_FOLDER_PATH}/Mapbox.framework",
				"${DWARF_DSYM_FOLDER_PATH}/Mapbox.framework.dSYM",
				"${TARGET_BUILD_DIR}/${FRAMEWORKS_FOLDER_PATH}/SCSDKCreativeKit.framework",
				"${TARGET_BUILD_DIR}/${FRAMEWORKS_FOLDER_PATH}/SCSDKCoreKit.framework",
				"${TARGET_BUILD_DIR}/${FRAMEWORKS_FOLDER_PATH}/SCSDKLoginKit.framework",
			);
			runOnlyForDeploymentPostprocessing = 0;
			shellPath = /bin/sh;
			shellScript = "\"${PODS_ROOT}/Target Support Files/Pods-PickHacks/Pods-PickHacks-frameworks.sh\"\n";
			showEnvVarsInLog = 0;
		};
		D01E5C8C2FF8EE4DAA40F67E /* [CP] Copy Pods Resources */ = {
			isa = PBXShellScriptBuildPhase;
			buildActionMask = 2147483647;
			files = (
			);
			inputFileListPaths = (
			);
			inputPaths = (
				"${PODS_ROOT}/Target Support Files/Pods-PickHacks/Pods-PickHacks-resources.sh",
				"${PODS_CONFIGURATION_BUILD_DIR}/FirebaseUI/FirebaseAuthUI.bundle",
			);
			name = "[CP] Copy Pods Resources";
			outputFileListPaths = (
			);
			outputPaths = (
				"${TARGET_BUILD_DIR}/${UNLOCALIZED_RESOURCES_FOLDER_PATH}/FirebaseAuthUI.bundle",
			);
			runOnlyForDeploymentPostprocessing = 0;
			shellPath = /bin/sh;
			shellScript = "\"${PODS_ROOT}/Target Support Files/Pods-PickHacks/Pods-PickHacks-resources.sh\"\n";
			showEnvVarsInLog = 0;
		};
/* End PBXShellScriptBuildPhase section */

/* Begin PBXSourcesBuildPhase section */
		7BEFF677222A7A4300CE2CD6 /* Sources */ = {
			isa = PBXSourcesBuildPhase;
			buildActionMask = 2147483647;
			files = (
				7B400E0B222B4C4400CD2C9D /* ActivitySelectViewController.swift in Sources */,
				548D4913222BE765004A351F /* CategoriesViewController.swift in Sources */,
				7BD69EC6222B81DF0005A282 /* Client.swift in Sources */,
				541A24C5222B89AF008E1543 /* LoginViewController.swift in Sources */,
				7B6A4E51222B0DCE00B6F8DA /* SnapViewController.swift in Sources */,
				7B6A4E4C222B07A300B6F8DA /* ActivityMapViewController.swift in Sources */,
				7BD69EC4222B81BB0005A282 /* MapBoxClient.swift in Sources */,
				7BEFF67F222A7A4300CE2CD6 /* AppDelegate.swift in Sources */,
				7B6A4E55222B229100B6F8DA /* Places.swift in Sources */,
			);
			runOnlyForDeploymentPostprocessing = 0;
		};
/* End PBXSourcesBuildPhase section */

/* Begin PBXVariantGroup section */
		7BEFF682222A7A4300CE2CD6 /* Main.storyboard */ = {
			isa = PBXVariantGroup;
			children = (
				7BEFF683222A7A4300CE2CD6 /* Base */,
			);
			name = Main.storyboard;
			sourceTree = "<group>";
		};
		7BEFF687222A7A4400CE2CD6 /* LaunchScreen.storyboard */ = {
			isa = PBXVariantGroup;
			children = (
				7BEFF688222A7A4400CE2CD6 /* Base */,
			);
			name = LaunchScreen.storyboard;
			sourceTree = "<group>";
		};
/* End PBXVariantGroup section */

/* Begin XCBuildConfiguration section */
		7BEFF68B222A7A4400CE2CD6 /* Debug */ = {
			isa = XCBuildConfiguration;
			buildSettings = {
				ALWAYS_SEARCH_USER_PATHS = NO;
				CLANG_ANALYZER_NONNULL = YES;
				CLANG_ANALYZER_NUMBER_OBJECT_CONVERSION = YES_AGGRESSIVE;
				CLANG_CXX_LANGUAGE_STANDARD = "gnu++14";
				CLANG_CXX_LIBRARY = "libc++";
				CLANG_ENABLE_MODULES = YES;
				CLANG_ENABLE_OBJC_ARC = YES;
				CLANG_ENABLE_OBJC_WEAK = YES;
				CLANG_WARN_BLOCK_CAPTURE_AUTORELEASING = YES;
				CLANG_WARN_BOOL_CONVERSION = YES;
				CLANG_WARN_COMMA = YES;
				CLANG_WARN_CONSTANT_CONVERSION = YES;
				CLANG_WARN_DEPRECATED_OBJC_IMPLEMENTATIONS = YES;
				CLANG_WARN_DIRECT_OBJC_ISA_USAGE = YES_ERROR;
				CLANG_WARN_DOCUMENTATION_COMMENTS = YES;
				CLANG_WARN_EMPTY_BODY = YES;
				CLANG_WARN_ENUM_CONVERSION = YES;
				CLANG_WARN_INFINITE_RECURSION = YES;
				CLANG_WARN_INT_CONVERSION = YES;
				CLANG_WARN_NON_LITERAL_NULL_CONVERSION = YES;
				CLANG_WARN_OBJC_IMPLICIT_RETAIN_SELF = YES;
				CLANG_WARN_OBJC_LITERAL_CONVERSION = YES;
				CLANG_WARN_OBJC_ROOT_CLASS = YES_ERROR;
				CLANG_WARN_RANGE_LOOP_ANALYSIS = YES;
				CLANG_WARN_STRICT_PROTOTYPES = YES;
				CLANG_WARN_SUSPICIOUS_MOVE = YES;
				CLANG_WARN_UNGUARDED_AVAILABILITY = YES_AGGRESSIVE;
				CLANG_WARN_UNREACHABLE_CODE = YES;
				CLANG_WARN__DUPLICATE_METHOD_MATCH = YES;
				CODE_SIGN_IDENTITY = "iPhone Developer";
				COPY_PHASE_STRIP = NO;
				DEBUG_INFORMATION_FORMAT = dwarf;
				ENABLE_STRICT_OBJC_MSGSEND = YES;
				ENABLE_TESTABILITY = YES;
				GCC_C_LANGUAGE_STANDARD = gnu11;
				GCC_DYNAMIC_NO_PIC = NO;
				GCC_NO_COMMON_BLOCKS = YES;
				GCC_OPTIMIZATION_LEVEL = 0;
				GCC_PREPROCESSOR_DEFINITIONS = (
					"DEBUG=1",
					"$(inherited)",
				);
				GCC_WARN_64_TO_32_BIT_CONVERSION = YES;
				GCC_WARN_ABOUT_RETURN_TYPE = YES_ERROR;
				GCC_WARN_UNDECLARED_SELECTOR = YES;
				GCC_WARN_UNINITIALIZED_AUTOS = YES_AGGRESSIVE;
				GCC_WARN_UNUSED_FUNCTION = YES;
				GCC_WARN_UNUSED_VARIABLE = YES;
				IPHONEOS_DEPLOYMENT_TARGET = 12.0;
				MTL_ENABLE_DEBUG_INFO = INCLUDE_SOURCE;
				MTL_FAST_MATH = YES;
				ONLY_ACTIVE_ARCH = YES;
				SDKROOT = iphoneos;
				SWIFT_ACTIVE_COMPILATION_CONDITIONS = DEBUG;
				SWIFT_OPTIMIZATION_LEVEL = "-Onone";
			};
			name = Debug;
		};
		7BEFF68C222A7A4400CE2CD6 /* Release */ = {
			isa = XCBuildConfiguration;
			buildSettings = {
				ALWAYS_SEARCH_USER_PATHS = NO;
				CLANG_ANALYZER_NONNULL = YES;
				CLANG_ANALYZER_NUMBER_OBJECT_CONVERSION = YES_AGGRESSIVE;
				CLANG_CXX_LANGUAGE_STANDARD = "gnu++14";
				CLANG_CXX_LIBRARY = "libc++";
				CLANG_ENABLE_MODULES = YES;
				CLANG_ENABLE_OBJC_ARC = YES;
				CLANG_ENABLE_OBJC_WEAK = YES;
				CLANG_WARN_BLOCK_CAPTURE_AUTORELEASING = YES;
				CLANG_WARN_BOOL_CONVERSION = YES;
				CLANG_WARN_COMMA = YES;
				CLANG_WARN_CONSTANT_CONVERSION = YES;
				CLANG_WARN_DEPRECATED_OBJC_IMPLEMENTATIONS = YES;
				CLANG_WARN_DIRECT_OBJC_ISA_USAGE = YES_ERROR;
				CLANG_WARN_DOCUMENTATION_COMMENTS = YES;
				CLANG_WARN_EMPTY_BODY = YES;
				CLANG_WARN_ENUM_CONVERSION = YES;
				CLANG_WARN_INFINITE_RECURSION = YES;
				CLANG_WARN_INT_CONVERSION = YES;
				CLANG_WARN_NON_LITERAL_NULL_CONVERSION = YES;
				CLANG_WARN_OBJC_IMPLICIT_RETAIN_SELF = YES;
				CLANG_WARN_OBJC_LITERAL_CONVERSION = YES;
				CLANG_WARN_OBJC_ROOT_CLASS = YES_ERROR;
				CLANG_WARN_RANGE_LOOP_ANALYSIS = YES;
				CLANG_WARN_STRICT_PROTOTYPES = YES;
				CLANG_WARN_SUSPICIOUS_MOVE = YES;
				CLANG_WARN_UNGUARDED_AVAILABILITY = YES_AGGRESSIVE;
				CLANG_WARN_UNREACHABLE_CODE = YES;
				CLANG_WARN__DUPLICATE_METHOD_MATCH = YES;
				CODE_SIGN_IDENTITY = "iPhone Developer";
				COPY_PHASE_STRIP = NO;
				DEBUG_INFORMATION_FORMAT = "dwarf-with-dsym";
				ENABLE_NS_ASSERTIONS = NO;
				ENABLE_STRICT_OBJC_MSGSEND = YES;
				GCC_C_LANGUAGE_STANDARD = gnu11;
				GCC_NO_COMMON_BLOCKS = YES;
				GCC_WARN_64_TO_32_BIT_CONVERSION = YES;
				GCC_WARN_ABOUT_RETURN_TYPE = YES_ERROR;
				GCC_WARN_UNDECLARED_SELECTOR = YES;
				GCC_WARN_UNINITIALIZED_AUTOS = YES_AGGRESSIVE;
				GCC_WARN_UNUSED_FUNCTION = YES;
				GCC_WARN_UNUSED_VARIABLE = YES;
				IPHONEOS_DEPLOYMENT_TARGET = 12.0;
				MTL_ENABLE_DEBUG_INFO = NO;
				MTL_FAST_MATH = YES;
				SDKROOT = iphoneos;
				SWIFT_COMPILATION_MODE = wholemodule;
				SWIFT_OPTIMIZATION_LEVEL = "-O";
				VALIDATE_PRODUCT = YES;
			};
			name = Release;
		};
		7BEFF68E222A7A4400CE2CD6 /* Debug */ = {
			isa = XCBuildConfiguration;
			baseConfigurationReference = 6E3378AC270F4F8370D6844C /* Pods-PickHacks.debug.xcconfig */;
			buildSettings = {
				ASSETCATALOG_COMPILER_APPICON_NAME = AppIcon;
				CODE_SIGN_STYLE = Automatic;
				DEVELOPMENT_TEAM = 63XYY63393;
				INFOPLIST_FILE = PickHacks/Info.plist;
				LD_RUNPATH_SEARCH_PATHS = (
					"$(inherited)",
					"@executable_path/Frameworks",
				);
				PRODUCT_BUNDLE_IDENTIFIER = com.Magloboid.PickHacks2;
				PRODUCT_NAME = "$(TARGET_NAME)";
				SWIFT_VERSION = 4.2;
				TARGETED_DEVICE_FAMILY = "1,2";
			};
			name = Debug;
		};
		7BEFF68F222A7A4400CE2CD6 /* Release */ = {
			isa = XCBuildConfiguration;
			baseConfigurationReference = 678AEB577E3BD194D8BBABBA /* Pods-PickHacks.release.xcconfig */;
			buildSettings = {
				ASSETCATALOG_COMPILER_APPICON_NAME = AppIcon;
				CODE_SIGN_STYLE = Automatic;
				DEVELOPMENT_TEAM = 63XYY63393;
				INFOPLIST_FILE = PickHacks/Info.plist;
				LD_RUNPATH_SEARCH_PATHS = (
					"$(inherited)",
					"@executable_path/Frameworks",
				);
				PRODUCT_BUNDLE_IDENTIFIER = com.Magloboid.PickHacks2;
				PRODUCT_NAME = "$(TARGET_NAME)";
				SWIFT_VERSION = 4.2;
				TARGETED_DEVICE_FAMILY = "1,2";
			};
			name = Release;
		};
/* End XCBuildConfiguration section */

/* Begin XCConfigurationList section */
		7BEFF676222A7A4300CE2CD6 /* Build configuration list for PBXProject "PickHacks" */ = {
			isa = XCConfigurationList;
			buildConfigurations = (
				7BEFF68B222A7A4400CE2CD6 /* Debug */,
				7BEFF68C222A7A4400CE2CD6 /* Release */,
			);
			defaultConfigurationIsVisible = 0;
			defaultConfigurationName = Release;
		};
		7BEFF68D222A7A4400CE2CD6 /* Build configuration list for PBXNativeTarget "PickHacks" */ = {
			isa = XCConfigurationList;
			buildConfigurations = (
				7BEFF68E222A7A4400CE2CD6 /* Debug */,
				7BEFF68F222A7A4400CE2CD6 /* Release */,
			);
			defaultConfigurationIsVisible = 0;
			defaultConfigurationName = Release;
		};
/* End XCConfigurationList section */
	};
	rootObject = 7BEFF673222A7A4300CE2CD6 /* Project object */;
}
