PODS:
  - Mapbox-iOS-SDK (4.9.0)
  - SnapSDK/SCSDKCreativeKit (1.2.2)
  - SnapSDK/SCSDKLoginKit (1.2.2)

DEPENDENCIES:
  - Mapbox-iOS-SDK (~> 4.9)
  - SnapSDK/SCSDKCreativeKit
  - SnapSDK/SCSDKLoginKit

SPEC REPOS:
  https://github.com/cocoapods/specs.git:
    - Mapbox-iOS-SDK
    - SnapSDK

SPEC CHECKSUMS:
  Mapbox-iOS-SDK: 225036950837cbe408e6b333e51cd6001c122499
  SnapSDK: 16d505e0e5a9340c49ce767f3131f4af76fe29e8

PODFILE CHECKSUM: 59d4d0e2358d8ebe129523165ed7ff8ea0d70638

COCOAPODS: 1.6.1
